
Microsoft Visual Studio Solution File, Format Version 12.00
# Visual Studio Version 16
VisualStudioVersion = 16.0.31624.102
MinimumVisualStudioVersion = 10.0.40219.1
Project("{8BC9CEB8-8B4A-11D0-8D11-00A0C91BC942}") = "2-1000primeC", "2-1000primeC.vcxproj", "{52B416F6-7F77-4305-B0C3-944379F9389F}"
EndProject
Global
	GlobalSection(SolutionConfigurationPlatforms) = preSolution
		Debug|x64 = Debug|x64
		Debug|x86 = Debug|x86
		Release|x64 = Release|x64
		Release|x86 = Release|x86
	EndGlobalSection
	GlobalSection(ProjectConfigurationPlatforms) = postSolution
		{52B416F6-7F77-4305-B0C3-944379F9389F}.Debug|x64.ActiveCfg = Debug|x64
		{52B416F6-7F77-4305-B0C3-944379F9389F}.Debug|x64.Build.0 = Debug|x64
		{52B416F6-7F77-4305-B0C3-944379F9389F}.Debug|x86.ActiveCfg = Debug|Win32
		{52B416F6-7F77-4305-B0C3-944379F9389F}.Debug|x86.Build.0 = Debug|Win32
		{52B416F6-7F77-4305-B0C3-944379F9389F}.Release|x64.ActiveCfg = Release|x64
		{52B416F6-7F77-4305-B0C3-944379F9389F}.Release|x64.Build.0 = Release|x64
		{52B416F6-7F77-4305-B0C3-944379F9389F}.Release|x86.ActiveCfg = Release|Win32
		{52B416F6-7F77-4305-B0C3-944379F9389F}.Release|x86.Build.0 = Release|Win32
	EndGlobalSection
	GlobalSection(SolutionProperties) = preSolution
		HideSolutionNode = FALSE
	EndGlobalSection
	GlobalSection(ExtensibilityGlobals) = postSolution
		SolutionGuid = {7D34CAFB-4BC9-426B-97B3-1847837452A9}
	EndGlobalSection
EndGlobal
