
Microsoft Visual Studio Solution File, Format Version 12.00
# Visual Studio Version 16
VisualStudioVersion = 16.0.31624.102
MinimumVisualStudioVersion = 10.0.40219.1
Project("{8BC9CEB8-8B4A-11D0-8D11-00A0C91BC942}") = "p12_grocery", "p12_grocery.vcxproj", "{991CED25-2A2C-4971-9466-A6E6DCC8E5AB}"
EndProject
Global
	GlobalSection(SolutionConfigurationPlatforms) = preSolution
		Debug|x64 = Debug|x64
		Debug|x86 = Debug|x86
		Release|x64 = Release|x64
		Release|x86 = Release|x86
	EndGlobalSection
	GlobalSection(ProjectConfigurationPlatforms) = postSolution
		{991CED25-2A2C-4971-9466-A6E6DCC8E5AB}.Debug|x64.ActiveCfg = Debug|x64
		{991CED25-2A2C-4971-9466-A6E6DCC8E5AB}.Debug|x64.Build.0 = Debug|x64
		{991CED25-2A2C-4971-9466-A6E6DCC8E5AB}.Debug|x86.ActiveCfg = Debug|Win32
		{991CED25-2A2C-4971-9466-A6E6DCC8E5AB}.Debug|x86.Build.0 = Debug|Win32
		{991CED25-2A2C-4971-9466-A6E6DCC8E5AB}.Release|x64.ActiveCfg = Release|x64
		{991CED25-2A2C-4971-9466-A6E6DCC8E5AB}.Release|x64.Build.0 = Release|x64
		{991CED25-2A2C-4971-9466-A6E6DCC8E5AB}.Release|x86.ActiveCfg = Release|Win32
		{991CED25-2A2C-4971-9466-A6E6DCC8E5AB}.Release|x86.Build.0 = Release|Win32
	EndGlobalSection
	GlobalSection(SolutionProperties) = preSolution
		HideSolutionNode = FALSE
	EndGlobalSection
	GlobalSection(ExtensibilityGlobals) = postSolution
		SolutionGuid = {607C4BDE-5E8C-4DFD-87F5-BD5365D9D2F2}
	EndGlobalSection
EndGlobal
