
Microsoft Visual Studio Solution File, Format Version 12.00
# Visual Studio Version 17
VisualStudioVersion = 17.0.31903.59
MinimumVisualStudioVersion = 10.0.40219.1
Project("{8BC9CEB8-8B4A-11D0-8D11-00A0C91BC942}") = "p02", "p02\p02.vcxproj", "{AA8F0819-2246-4E09-B41C-935DE8C1E771}"
EndProject
Global
	GlobalSection(SolutionConfigurationPlatforms) = preSolution
		Debug|x64 = Debug|x64
		Debug|x86 = Debug|x86
		Release|x64 = Release|x64
		Release|x86 = Release|x86
	EndGlobalSection
	GlobalSection(ProjectConfigurationPlatforms) = postSolution
		{AA8F0819-2246-4E09-B41C-935DE8C1E771}.Debug|x64.ActiveCfg = Debug|x64
		{AA8F0819-2246-4E09-B41C-935DE8C1E771}.Debug|x64.Build.0 = Debug|x64
		{AA8F0819-2246-4E09-B41C-935DE8C1E771}.Debug|x86.ActiveCfg = Debug|Win32
		{AA8F0819-2246-4E09-B41C-935DE8C1E771}.Debug|x86.Build.0 = Debug|Win32
		{AA8F0819-2246-4E09-B41C-935DE8C1E771}.Release|x64.ActiveCfg = Release|x64
		{AA8F0819-2246-4E09-B41C-935DE8C1E771}.Release|x64.Build.0 = Release|x64
		{AA8F0819-2246-4E09-B41C-935DE8C1E771}.Release|x86.ActiveCfg = Release|Win32
		{AA8F0819-2246-4E09-B41C-935DE8C1E771}.Release|x86.Build.0 = Release|Win32
	EndGlobalSection
	GlobalSection(SolutionProperties) = preSolution
		HideSolutionNode = FALSE
	EndGlobalSection
	GlobalSection(ExtensibilityGlobals) = postSolution
		SolutionGuid = {774DB0B2-A327-4BFC-AF3E-6BF474E996EB}
	EndGlobalSection
EndGlobal
