
Microsoft Visual Studio Solution File, Format Version 12.00
# Visual Studio Version 16
VisualStudioVersion = 16.0.31624.102
MinimumVisualStudioVersion = 10.0.40219.1
Project("{8BC9CEB8-8B4A-11D0-8D11-00A0C91BC942}") = "p06_Goldbach", "p06_Goldbach.vcxproj", "{AF26D352-A3DB-4844-AA68-C4DD3FA5FC60}"
EndProject
Global
	GlobalSection(SolutionConfigurationPlatforms) = preSolution
		Debug|x64 = Debug|x64
		Debug|x86 = Debug|x86
		Release|x64 = Release|x64
		Release|x86 = Release|x86
	EndGlobalSection
	GlobalSection(ProjectConfigurationPlatforms) = postSolution
		{AF26D352-A3DB-4844-AA68-C4DD3FA5FC60}.Debug|x64.ActiveCfg = Debug|x64
		{AF26D352-A3DB-4844-AA68-C4DD3FA5FC60}.Debug|x64.Build.0 = Debug|x64
		{AF26D352-A3DB-4844-AA68-C4DD3FA5FC60}.Debug|x86.ActiveCfg = Debug|Win32
		{AF26D352-A3DB-4844-AA68-C4DD3FA5FC60}.Debug|x86.Build.0 = Debug|Win32
		{AF26D352-A3DB-4844-AA68-C4DD3FA5FC60}.Release|x64.ActiveCfg = Release|x64
		{AF26D352-A3DB-4844-AA68-C4DD3FA5FC60}.Release|x64.Build.0 = Release|x64
		{AF26D352-A3DB-4844-AA68-C4DD3FA5FC60}.Release|x86.ActiveCfg = Release|Win32
		{AF26D352-A3DB-4844-AA68-C4DD3FA5FC60}.Release|x86.Build.0 = Release|Win32
	EndGlobalSection
	GlobalSection(SolutionProperties) = preSolution
		HideSolutionNode = FALSE
	EndGlobalSection
	GlobalSection(ExtensibilityGlobals) = postSolution
		SolutionGuid = {F40C80AC-7FD3-4D8C-B729-BA3516C55252}
	EndGlobalSection
EndGlobal
