
Microsoft Visual Studio Solution File, Format Version 12.00
# Visual Studio Version 17
VisualStudioVersion = 17.0.31903.59
MinimumVisualStudioVersion = 10.0.40219.1
Project("{8BC9CEB8-8B4A-11D0-8D11-00A0C91BC942}") = "p04", "p04\p04.vcxproj", "{C10179FC-46C6-45B9-A6F9-76DB8EB7FD8D}"
EndProject
Global
	GlobalSection(SolutionConfigurationPlatforms) = preSolution
		Debug|x64 = Debug|x64
		Debug|x86 = Debug|x86
		Release|x64 = Release|x64
		Release|x86 = Release|x86
	EndGlobalSection
	GlobalSection(ProjectConfigurationPlatforms) = postSolution
		{C10179FC-46C6-45B9-A6F9-76DB8EB7FD8D}.Debug|x64.ActiveCfg = Debug|x64
		{C10179FC-46C6-45B9-A6F9-76DB8EB7FD8D}.Debug|x64.Build.0 = Debug|x64
		{C10179FC-46C6-45B9-A6F9-76DB8EB7FD8D}.Debug|x86.ActiveCfg = Debug|Win32
		{C10179FC-46C6-45B9-A6F9-76DB8EB7FD8D}.Debug|x86.Build.0 = Debug|Win32
		{C10179FC-46C6-45B9-A6F9-76DB8EB7FD8D}.Release|x64.ActiveCfg = Release|x64
		{C10179FC-46C6-45B9-A6F9-76DB8EB7FD8D}.Release|x64.Build.0 = Release|x64
		{C10179FC-46C6-45B9-A6F9-76DB8EB7FD8D}.Release|x86.ActiveCfg = Release|Win32
		{C10179FC-46C6-45B9-A6F9-76DB8EB7FD8D}.Release|x86.Build.0 = Release|Win32
	EndGlobalSection
	GlobalSection(SolutionProperties) = preSolution
		HideSolutionNode = FALSE
	EndGlobalSection
	GlobalSection(ExtensibilityGlobals) = postSolution
		SolutionGuid = {B4F6A853-846F-4ACB-B1CC-02397774FF28}
	EndGlobalSection
EndGlobal
