
Microsoft Visual Studio Solution File, Format Version 12.00
# Visual Studio Version 16
VisualStudioVersion = 16.0.31624.102
MinimumVisualStudioVersion = 10.0.40219.1
Project("{8BC9CEB8-8B4A-11D0-8D11-00A0C91BC942}") = "哥德巴赫", "哥德巴赫.vcxproj", "{F914736F-A008-49EF-8D20-4BC289D9ADC8}"
EndProject
Global
	GlobalSection(SolutionConfigurationPlatforms) = preSolution
		Debug|x64 = Debug|x64
		Debug|x86 = Debug|x86
		Release|x64 = Release|x64
		Release|x86 = Release|x86
	EndGlobalSection
	GlobalSection(ProjectConfigurationPlatforms) = postSolution
		{F914736F-A008-49EF-8D20-4BC289D9ADC8}.Debug|x64.ActiveCfg = Debug|x64
		{F914736F-A008-49EF-8D20-4BC289D9ADC8}.Debug|x64.Build.0 = Debug|x64
		{F914736F-A008-49EF-8D20-4BC289D9ADC8}.Debug|x86.ActiveCfg = Debug|Win32
		{F914736F-A008-49EF-8D20-4BC289D9ADC8}.Debug|x86.Build.0 = Debug|Win32
		{F914736F-A008-49EF-8D20-4BC289D9ADC8}.Release|x64.ActiveCfg = Release|x64
		{F914736F-A008-49EF-8D20-4BC289D9ADC8}.Release|x64.Build.0 = Release|x64
		{F914736F-A008-49EF-8D20-4BC289D9ADC8}.Release|x86.ActiveCfg = Release|Win32
		{F914736F-A008-49EF-8D20-4BC289D9ADC8}.Release|x86.Build.0 = Release|Win32
	EndGlobalSection
	GlobalSection(SolutionProperties) = preSolution
		HideSolutionNode = FALSE
	EndGlobalSection
	GlobalSection(ExtensibilityGlobals) = postSolution
		SolutionGuid = {3FB4DE3F-4C9D-4A80-B820-C89EAB444F46}
	EndGlobalSection
EndGlobal
